// !$*UTF8*$!
{
	archiveVersion = 1;
	classes = {
	};
	objectVersion = 77;
	objects = {

/* Begin PBXContainerItemProxy section */
		3A5CFC172DA2D195008116B5 /* PBXContainerItemProxy */ = {
			isa = PBXContainerItemProxy;
			containerPortal = 3A5CFBFE2DA2D194008116B5 /* Project object */;
			proxyType = 1;
			remoteGlobalIDString = 3A5CFC052DA2D194008116B5;
			remoteInfo = "Yelp App";
		};
		3A5CFC212DA2D195008116B5 /* PBXContainerItemProxy */ = {
			isa = PBXContainerItemProxy;
			containerPortal = 3A5CFBFE2DA2D194008116B5 /* Project object */;
			proxyType = 1;
			remoteGlobalIDString = 3A5CFC052DA2D194008116B5;
			remoteInfo = "Yelp App";
		};
/* End PBXContainerItemProxy section */

/* Begin PBXFileReference section */
		3A5CFC062DA2D194008116B5 /* Yelp App.app */ = {isa = PBXFileReference; explicitFileType = wrapper.application; includeInIndex = 0; path = "Yelp App.app"; sourceTree = BUILT_PRODUCTS_DIR; };
		3A5CFC162DA2D195008116B5 /* Yelp AppTests.xctest */ = {isa = PBXFileReference; explicitFileType = wrapper.cfbundle; includeInIndex = 0; path = "Yelp AppTests.xctest"; sourceTree = BUILT_PRODUCTS_DIR; };
		3A5CFC202DA2D195008116B5 /* Yelp AppUITests.xctest */ = {isa = PBXFileReference; explicitFileType = wrapper.cfbundle; includeInIndex = 0; path = "Yelp AppUITests.xctest"; sourceTree = BUILT_PRODUCTS_DIR; };
/* End PBXFileReference section */

/* Begin PBXFileSystemSynchronizedRootGroup section */
		3A5CFC082DA2D194008116B5 /* Yelp App */ = {
			isa = PBXFileSystemSynchronizedRootGroup;
			path = "Yelp App";
			sourceTree = "<group>";
		};
		3A5CFC192DA2D195008116B5 /* Yelp AppTests */ = {
			isa = PBXFileSystemSynchronizedRootGroup;
			path = "Yelp AppTests";
			sourceTree = "<group>";
		};
		3A5CFC232DA2D195008116B5 /* Yelp AppUITests */ = {
			isa = PBXFileSystemSynchronizedRootGroup;
			path = "Yelp AppUITests";
			sourceTree = "<group>";
		};
/* End PBXFileSystemSynchronizedRootGroup section */

/* Begin PBXFrameworksBuildPhase section */
		3A5CFC032DA2D194008116B5 /* Frameworks */ = {
			isa = PBXFrameworksBuildPhase;
			buildActionMask = 2147483647;
			files = (
			);
			runOnlyForDeploymentPostprocessing = 0;
		};
		3A5CFC132DA2D195008116B5 /* Frameworks */ = {
			isa = PBXFrameworksBuildPhase;
			buildActionMask = 2147483647;
			files = (
			);
			runOnlyForDeploymentPostprocessing = 0;
		};
		3A5CFC1D2DA2D195008116B5 /* Frameworks */ = {
			isa = PBXFrameworksBuildPhase;
			buildActionMask = 2147483647;
			files = (
			);
			runOnlyForDeploymentPostprocessing = 0;
		};
/* End PBXFrameworksBuildPhase section */

/* Begin PBXGroup section */
		3A5CFBFD2DA2D194008116B5 = {
			isa = PBXGroup;
			children = (
				3A5CFC082DA2D194008116B5 /* Yelp App */,
				3A5CFC192DA2D195008116B5 /* Yelp AppTests */,
				3A5CFC232DA2D195008116B5 /* Yelp AppUITests */,
				3A5CFC072DA2D194008116B5 /* Products */,
			);
			sourceTree = "<group>";
		};
		3A5CFC072DA2D194008116B5 /* Products */ = {
			isa = PBXGroup;
			children = (
				3A5CFC062DA2D194008116B5 /* Yelp App.app */,
				3A5CFC162DA2D195008116B5 /* Yelp AppTests.xctest */,
				3A5CFC202DA2D195008116B5 /* Yelp AppUITests.xctest */,
			);
			name = Products;
			sourceTree = "<group>";
		};
/* End PBXGroup section */

/* Begin PBXNativeTarget section */
		3A5CFC052DA2D194008116B5 /* Yelp App */ = {
			isa = PBXNativeTarget;
			buildConfigurationList = 3A5CFC2A2DA2D195008116B5 /* Build configuration list for PBXNativeTarget "Yelp App" */;
			buildPhases = (
				3A5CFC022DA2D194008116B5 /* Sources */,
				3A5CFC032DA2D194008116B5 /* Frameworks */,
				3A5CFC042DA2D194008116B5 /* Resources */,
			);
			buildRules = (
			);
			dependencies = (
			);
			fileSystemSynchronizedGroups = (
				3A5CFC082DA2D194008116B5 /* Yelp App */,
			);
			name = "Yelp App";
			packageProductDependencies = (
			);
			productName = "Yelp App";
			productReference = 3A5CFC062DA2D194008116B5 /* Yelp App.app */;
			productType = "com.apple.product-type.application";
		};
		3A5CFC152DA2D195008116B5 /* Yelp AppTests */ = {
			isa = PBXNativeTarget;
			buildConfigurationList = 3A5CFC2D2DA2D195008116B5 /* Build configuration list for PBXNativeTarget "Yelp AppTests" */;
			buildPhases = (
				3A5CFC122DA2D195008116B5 /* Sources */,
				3A5CFC132DA2D195008116B5 /* Frameworks */,
				3A5CFC142DA2D195008116B5 /* Resources */,
			);
			buildRules = (
			);
			dependencies = (
				3A5CFC182DA2D195008116B5 /* PBXTargetDependency */,
			);
			fileSystemSynchronizedGroups = (
				3A5CFC192DA2D195008116B5 /* Yelp AppTests */,
			);
			name = "Yelp AppTests";
			packageProductDependencies = (
			);
			productName = "Yelp AppTests";
			productReference = 3A5CFC162DA2D195008116B5 /* Yelp AppTests.xctest */;
			productType = "com.apple.product-type.bundle.unit-test";
		};
		3A5CFC1F2DA2D195008116B5 /* Yelp AppUITests */ = {
			isa = PBXNativeTarget;
			buildConfigurationList = 3A5CFC302DA2D195008116B5 /* Build configuration list for PBXNativeTarget "Yelp AppUITests" */;
			buildPhases = (
				3A5CFC1C2DA2D195008116B5 /* Sources */,
				3A5CFC1D2DA2D195008116B5 /* Frameworks */,
				3A5CFC1E2DA2D195008116B5 /* Resources */,
			);
			buildRules = (
			);
			dependencies = (
				3A5CFC222DA2D195008116B5 /* PBXTargetDependency */,
			);
			fileSystemSynchronizedGroups = (
				3A5CFC232DA2D195008116B5 /* Yelp AppUITests */,
			);
			name = "Yelp AppUITests";
			packageProductDependencies = (
			);
			productName = "Yelp AppUITests";
			productReference = 3A5CFC202DA2D195008116B5 /* Yelp AppUITests.xctest */;
			productType = "com.apple.product-type.bundle.ui-testing";
		};
/* End PBXNativeTarget section */

/* Begin PBXProject section */
		3A5CFBFE2DA2D194008116B5 /* Project object */ = {
			isa = PBXProject;
			attributes = {
				BuildIndependentTargetsInParallel = 1;
				LastSwiftUpdateCheck = 1600;
				LastUpgradeCheck = 1600;
				TargetAttributes = {
					3A5CFC052DA2D194008116B5 = {
						CreatedOnToolsVersion = 16.0;
					};
					3A5CFC152DA2D195008116B5 = {
						CreatedOnToolsVersion = 16.0;
						TestTargetID = 3A5CFC052DA2D194008116B5;
					};
					3A5CFC1F2DA2D195008116B5 = {
						CreatedOnToolsVersion = 16.0;
						TestTargetID = 3A5CFC052DA2D194008116B5;
					};
				};
			};
			buildConfigurationList = 3A5CFC012DA2D194008116B5 /* Build configuration list for PBXProject "Yelp App" */;
			developmentRegion = en;
			hasScannedForEncodings = 0;
			knownRegions = (
				en,
				Base,
			);
			mainGroup = 3A5CFBFD2DA2D194008116B5;
			minimizedProjectReferenceProxies = 1;
			preferredProjectObjectVersion = 77;
			productRefGroup = 3A5CFC072DA2D194008116B5 /* Products */;
			projectDirPath = "";
			projectRoot = "";
			targets = (
				3A5CFC052DA2D194008116B5 /* Yelp App */,
				3A5CFC152DA2D195008116B5 /* Yelp AppTests */,
				3A5CFC1F2DA2D195008116B5 /* Yelp AppUITests */,
			);
		};
/* End PBXProject section */

/* Begin PBXResourcesBuildPhase section */
		3A5CFC042DA2D194008116B5 /* Resources */ = {
			isa = PBXResourcesBuildPhase;
			buildActionMask = 2147483647;
			files = (
			);
			runOnlyForDeploymentPostprocessing = 0;
		};
		3A5CFC142DA2D195008116B5 /* Resources */ = {
			isa = PBXResourcesBuildPhase;
			buildActionMask = 2147483647;
			files = (
			);
			runOnlyForDeploymentPostprocessing = 0;
		};
		3A5CFC1E2DA2D195008116B5 /* Resources */ = {
			isa = PBXResourcesBuildPhase;
			buildActionMask = 2147483647;
			files = (
			);
			runOnlyForDeploymentPostprocessing = 0;
		};
/* End PBXResourcesBuildPhase section */

/* Begin PBXSourcesBuildPhase section */
		3A5CFC022DA2D194008116B5 /* Sources */ = {
			isa = PBXSourcesBuildPhase;
			buildActionMask = 2147483647;
			files = (
			);
			runOnlyForDeploymentPostprocessing = 0;
		};
		3A5CFC122DA2D195008116B5 /* Sources */ = {
			isa = PBXSourcesBuildPhase;
			buildActionMask = 2147483647;
			files = (
			);
			runOnlyForDeploymentPostprocessing = 0;
		};
		3A5CFC1C2DA2D195008116B5 /* Sources */ = {
			isa = PBXSourcesBuildPhase;
			buildActionMask = 2147483647;
			files = (
			);
			runOnlyForDeploymentPostprocessing = 0;
		};
/* End PBXSourcesBuildPhase section */

/* Begin PBXTargetDependency section */
		3A5CFC182DA2D195008116B5 /* PBXTargetDependency */ = {
			isa = PBXTargetDependency;
			target = 3A5CFC052DA2D194008116B5 /* Yelp App */;
			targetProxy = 3A5CFC172DA2D195008116B5 /* PBXContainerItemProxy */;
		};
		3A5CFC222DA2D195008116B5 /* PBXTargetDependency */ = {
			isa = PBXTargetDependency;
			target = 3A5CFC052DA2D194008116B5 /* Yelp App */;
			targetProxy = 3A5CFC212DA2D195008116B5 /* PBXContainerItemProxy */;
		};
/* End PBXTargetDependency section */

/* Begin XCBuildConfiguration section */
		3A5CFC282DA2D195008116B5 /* Debug */ = {
			isa = XCBuildConfiguration;
			buildSettings = {
				ALWAYS_SEARCH_USER_PATHS = NO;
				ASSETCATALOG_COMPILER_GENERATE_SWIFT_ASSET_SYMBOL_EXTENSIONS = YES;
				CLANG_ANALYZER_NONNULL = YES;
				CLANG_ANALYZER_NUMBER_OBJECT_CONVERSION = YES_AGGRESSIVE;
				CLANG_CXX_LANGUAGE_STANDARD = "gnu++20";
				CLANG_ENABLE_MODULES = YES;
				CLANG_ENABLE_OBJC_ARC = YES;
				CLANG_ENABLE_OBJC_WEAK = YES;
				CLANG_WARN_BLOCK_CAPTURE_AUTORELEASING = YES;
				CLANG_WARN_BOOL_CONVERSION = YES;
				CLANG_WARN_COMMA = YES;
				CLANG_WARN_CONSTANT_CONVERSION = YES;
				CLANG_WARN_DEPRECATED_OBJC_IMPLEMENTATIONS = YES;
				CLANG_WARN_DIRECT_OBJC_ISA_USAGE = YES_ERROR;
				CLANG_WARN_DOCUMENTATION_COMMENTS = YES;
				CLANG_WARN_EMPTY_BODY = YES;
				CLANG_WARN_ENUM_CONVERSION = YES;
				CLANG_WARN_INFINITE_RECURSION = YES;
				CLANG_WARN_INT_CONVERSION = YES;
				CLANG_WARN_NON_LITERAL_NULL_CONVERSION = YES;
				CLANG_WARN_OBJC_IMPLICIT_RETAIN_SELF = YES;
				CLANG_WARN_OBJC_LITERAL_CONVERSION = YES;
				CLANG_WARN_OBJC_ROOT_CLASS = YES_ERROR;
				CLANG_WARN_QUOTED_INCLUDE_IN_FRAMEWORK_HEADER = YES;
				CLANG_WARN_RANGE_LOOP_ANALYSIS = YES;
				CLANG_WARN_STRICT_PROTOTYPES = YES;
				CLANG_WARN_SUSPICIOUS_MOVE = YES;
				CLANG_WARN_UNGUARDED_AVAILABILITY = YES_AGGRESSIVE;
				CLANG_WARN_UNREACHABLE_CODE = YES;
				CLANG_WARN__DUPLICATE_METHOD_MATCH = YES;
				COPY_PHASE_STRIP = NO;
				DEBUG_INFORMATION_FORMAT = dwarf;
				ENABLE_STRICT_OBJC_MSGSEND = YES;
				ENABLE_TESTABILITY = YES;
				ENABLE_USER_SCRIPT_SANDBOXING = YES;
				GCC_C_LANGUAGE_STANDARD = gnu17;
				GCC_DYNAMIC_NO_PIC = NO;
				GCC_NO_COMMON_BLOCKS = YES;
				GCC_OPTIMIZATION_LEVEL = 0;
				GCC_PREPROCESSOR_DEFINITIONS = (
					"DEBUG=1",
					"$(inherited)",
				);
				GCC_WARN_64_TO_32_BIT_CONVERSION = YES;
				GCC_WARN_ABOUT_RETURN_TYPE = YES_ERROR;
				GCC_WARN_UNDECLARED_SELECTOR = YES;
				GCC_WARN_UNINITIALIZED_AUTOS = YES_AGGRESSIVE;
				GCC_WARN_UNUSED_FUNCTION = YES;
				GCC_WARN_UNUSED_VARIABLE = YES;
				IPHONEOS_DEPLOYMENT_TARGET = 18.0;
				LOCALIZATION_PREFERS_STRING_CATALOGS = YES;
				MTL_ENABLE_DEBUG_INFO = INCLUDE_SOURCE;
				MTL_FAST_MATH = YES;
				ONLY_ACTIVE_ARCH = YES;
				SDKROOT = iphoneos;
				SWIFT_ACTIVE_COMPILATION_CONDITIONS = "DEBUG $(inherited)";
				SWIFT_OPTIMIZATION_LEVEL = "-Onone";
			};
			name = Debug;
		};
		3A5CFC292DA2D195008116B5 /* Release */ = {
			isa = XCBuildConfiguration;
			buildSettings = {
				ALWAYS_SEARCH_USER_PATHS = NO;
				ASSETCATALOG_COMPILER_GENERATE_SWIFT_ASSET_SYMBOL_EXTENSIONS = YES;
				CLANG_ANALYZER_NONNULL = YES;
				CLANG_ANALYZER_NUMBER_OBJECT_CONVERSION = YES_AGGRESSIVE;
				CLANG_CXX_LANGUAGE_STANDARD = "gnu++20";
				CLANG_ENABLE_MODULES = YES;
				CLANG_ENABLE_OBJC_ARC = YES;
				CLANG_ENABLE_OBJC_WEAK = YES;
				CLANG_WARN_BLOCK_CAPTURE_AUTORELEASING = YES;
				CLANG_WARN_BOOL_CONVERSION = YES;
				CLANG_WARN_COMMA = YES;
				CLANG_WARN_CONSTANT_CONVERSION = YES;
				CLANG_WARN_DEPRECATED_OBJC_IMPLEMENTATIONS = YES;
				CLANG_WARN_DIRECT_OBJC_ISA_USAGE = YES_ERROR;
				CLANG_WARN_DOCUMENTATION_COMMENTS = YES;
				CLANG_WARN_EMPTY_BODY = YES;
				CLANG_WARN_ENUM_CONVERSION = YES;
				CLANG_WARN_INFINITE_RECURSION = YES;
				CLANG_WARN_INT_CONVERSION = YES;
				CLANG_WARN_NON_LITERAL_NULL_CONVERSION = YES;
				CLANG_WARN_OBJC_IMPLICIT_RETAIN_SELF = YES;
				CLANG_WARN_OBJC_LITERAL_CONVERSION = YES;
				CLANG_WARN_OBJC_ROOT_CLASS = YES_ERROR;
				CLANG_WARN_QUOTED_INCLUDE_IN_FRAMEWORK_HEADER = YES;
				CLANG_WARN_RANGE_LOOP_ANALYSIS = YES;
				CLANG_WARN_STRICT_PROTOTYPES = YES;
				CLANG_WARN_SUSPICIOUS_MOVE = YES;
				CLANG_WARN_UNGUARDED_AVAILABILITY = YES_AGGRESSIVE;
				CLANG_WARN_UNREACHABLE_CODE = YES;
				CLANG_WARN__DUPLICATE_METHOD_MATCH = YES;
				COPY_PHASE_STRIP = NO;
				DEBUG_INFORMATION_FORMAT = "dwarf-with-dsym";
				ENABLE_NS_ASSERTIONS = NO;
				ENABLE_STRICT_OBJC_MSGSEND = YES;
				ENABLE_USER_SCRIPT_SANDBOXING = YES;
				GCC_C_LANGUAGE_STANDARD = gnu17;
				GCC_NO_COMMON_BLOCKS = YES;
				GCC_WARN_64_TO_32_BIT_CONVERSION = YES;
				GCC_WARN_ABOUT_RETURN_TYPE = YES_ERROR;
				GCC_WARN_UNDECLARED_SELECTOR = YES;
				GCC_WARN_UNINITIALIZED_AUTOS = YES_AGGRESSIVE;
				GCC_WARN_UNUSED_FUNCTION = YES;
				GCC_WARN_UNUSED_VARIABLE = YES;
				IPHONEOS_DEPLOYMENT_TARGET = 18.0;
				LOCALIZATION_PREFERS_STRING_CATALOGS = YES;
				MTL_ENABLE_DEBUG_INFO = NO;
				MTL_FAST_MATH = YES;
				SDKROOT = iphoneos;
				SWIFT_COMPILATION_MODE = wholemodule;
				VALIDATE_PRODUCT = YES;
			};
			name = Release;
		};
		3A5CFC2B2DA2D195008116B5 /* Debug */ = {
			isa = XCBuildConfiguration;
			buildSettings = {
				ASSETCATALOG_COMPILER_APPICON_NAME = AppIcon;
				ASSETCATALOG_COMPILER_GLOBAL_ACCENT_COLOR_NAME = AccentColor;
				CODE_SIGN_STYLE = Automatic;
				CURRENT_PROJECT_VERSION = 1;
				DEVELOPMENT_ASSET_PATHS = "\"Yelp App/Preview Content\"";
				DEVELOPMENT_TEAM = QJ2ZJ6S67T;
				ENABLE_PREVIEWS = YES;
				GENERATE_INFOPLIST_FILE = YES;
				INFOPLIST_KEY_UIApplicationSceneManifest_Generation = YES;
				INFOPLIST_KEY_UIApplicationSupportsIndirectInputEvents = YES;
				INFOPLIST_KEY_UILaunchScreen_Generation = YES;
				INFOPLIST_KEY_UISupportedInterfaceOrientations_iPad = "UIInterfaceOrientationPortrait UIInterfaceOrientationPortraitUpsideDown UIInterfaceOrientationLandscapeLeft UIInterfaceOrientationLandscapeRight";
				INFOPLIST_KEY_UISupportedInterfaceOrientations_iPhone = "UIInterfaceOrientationPortrait UIInterfaceOrientationLandscapeLeft UIInterfaceOrientationLandscapeRight";
				LD_RUNPATH_SEARCH_PATHS = (
					"$(inherited)",
					"@executable_path/Frameworks",
				);
				MARKETING_VERSION = 1.0;
				PRODUCT_BUNDLE_IDENTIFIER = "com.yealp.Yelp-App";
				PRODUCT_NAME = "$(TARGET_NAME)";
				SWIFT_EMIT_LOC_STRINGS = YES;
				SWIFT_VERSION = 5.0;
				TARGETED_DEVICE_FAMILY = "1,2";
			};
			name = Debug;
		};
		3A5CFC2C2DA2D195008116B5 /* Release */ = {
			isa = XCBuildConfiguration;
			buildSettings = {
				ASSETCATALOG_COMPILER_APPICON_NAME = AppIcon;
				ASSETCATALOG_COMPILER_GLOBAL_ACCENT_COLOR_NAME = AccentColor;
				CODE_SIGN_STYLE = Automatic;
				CURRENT_PROJECT_VERSION = 1;
				DEVELOPMENT_ASSET_PATHS = "\"Yelp App/Preview Content\"";
				DEVELOPMENT_TEAM = QJ2ZJ6S67T;
				ENABLE_PREVIEWS = YES;
				GENERATE_INFOPLIST_FILE = YES;
				INFOPLIST_KEY_UIApplicationSceneManifest_Generation = YES;
				INFOPLIST_KEY_UIApplicationSupportsIndirectInputEvents = YES;
				INFOPLIST_KEY_UILaunchScreen_Generation = YES;
				INFOPLIST_KEY_UISupportedInterfaceOrientations_iPad = "UIInterfaceOrientationPortrait UIInterfaceOrientationPortraitUpsideDown UIInterfaceOrientationLandscapeLeft UIInterfaceOrientationLandscapeRight";
				INFOPLIST_KEY_UISupportedInterfaceOrientations_iPhone = "UIInterfaceOrientationPortrait UIInterfaceOrientationLandscapeLeft UIInterfaceOrientationLandscapeRight";
				LD_RUNPATH_SEARCH_PATHS = (
					"$(inherited)",
					"@executable_path/Frameworks",
				);
				MARKETING_VERSION = 1.0;
				PRODUCT_BUNDLE_IDENTIFIER = "com.yealp.Yelp-App";
				PRODUCT_NAME = "$(TARGET_NAME)";
				SWIFT_EMIT_LOC_STRINGS = YES;
				SWIFT_VERSION = 5.0;
				TARGETED_DEVICE_FAMILY = "1,2";
			};
			name = Release;
		};
		3A5CFC2E2DA2D195008116B5 /* Debug */ = {
			isa = XCBuildConfiguration;
			buildSettings = {
				BUNDLE_LOADER = "$(TEST_HOST)";
				CODE_SIGN_STYLE = Automatic;
				CURRENT_PROJECT_VERSION = 1;
				DEVELOPMENT_TEAM = QJ2ZJ6S67T;
				GENERATE_INFOPLIST_FILE = YES;
				IPHONEOS_DEPLOYMENT_TARGET = 18.0;
				MARKETING_VERSION = 1.0;
				PRODUCT_BUNDLE_IDENTIFIER = "com.yealp.Yelp-AppTests";
				PRODUCT_NAME = "$(TARGET_NAME)";
				SWIFT_EMIT_LOC_STRINGS = NO;
				SWIFT_VERSION = 5.0;
				TARGETED_DEVICE_FAMILY = "1,2";
				TEST_HOST = "$(BUILT_PRODUCTS_DIR)/Yelp App.app/$(BUNDLE_EXECUTABLE_FOLDER_PATH)/Yelp App";
			};
			name = Debug;
		};
		3A5CFC2F2DA2D195008116B5 /* Release */ = {
			isa = XCBuildConfiguration;
			buildSettings = {
				BUNDLE_LOADER = "$(TEST_HOST)";
				CODE_SIGN_STYLE = Automatic;
				CURRENT_PROJECT_VERSION = 1;
				DEVELOPMENT_TEAM = QJ2ZJ6S67T;
				GENERATE_INFOPLIST_FILE = YES;
				IPHONEOS_DEPLOYMENT_TARGET = 18.0;
				MARKETING_VERSION = 1.0;
				PRODUCT_BUNDLE_IDENTIFIER = "com.yealp.Yelp-AppTests";
				PRODUCT_NAME = "$(TARGET_NAME)";
				SWIFT_EMIT_LOC_STRINGS = NO;
				SWIFT_VERSION = 5.0;
				TARGETED_DEVICE_FAMILY = "1,2";
				TEST_HOST = "$(BUILT_PRODUCTS_DIR)/Yelp App.app/$(BUNDLE_EXECUTABLE_FOLDER_PATH)/Yelp App";
			};
			name = Release;
		};
		3A5CFC312DA2D195008116B5 /* Debug */ = {
			isa = XCBuildConfiguration;
			buildSettings = {
				CODE_SIGN_STYLE = Automatic;
				CURRENT_PROJECT_VERSION = 1;
				DEVELOPMENT_TEAM = QJ2ZJ6S67T;
				GENERATE_INFOPLIST_FILE = YES;
				MARKETING_VERSION = 1.0;
				PRODUCT_BUNDLE_IDENTIFIER = "com.yealp.Yelp-AppUITests";
				PRODUCT_NAME = "$(TARGET_NAME)";
				SWIFT_EMIT_LOC_STRINGS = NO;
				SWIFT_VERSION = 5.0;
				TARGETED_DEVICE_FAMILY = "1,2";
				TEST_TARGET_NAME = "Yelp App";
			};
			name = Debug;
		};
		3A5CFC322DA2D195008116B5 /* Release */ = {
			isa = XCBuildConfiguration;
			buildSettings = {
				CODE_SIGN_STYLE = Automatic;
				CURRENT_PROJECT_VERSION = 1;
				DEVELOPMENT_TEAM = QJ2ZJ6S67T;
				GENERATE_INFOPLIST_FILE = YES;
				MARKETING_VERSION = 1.0;
				PRODUCT_BUNDLE_IDENTIFIER = "com.yealp.Yelp-AppUITests";
				PRODUCT_NAME = "$(TARGET_NAME)";
				SWIFT_EMIT_LOC_STRINGS = NO;
				SWIFT_VERSION = 5.0;
				TARGETED_DEVICE_FAMILY = "1,2";
				TEST_TARGET_NAME = "Yelp App";
			};
			name = Release;
		};
/* End XCBuildConfiguration section */

/* Begin XCConfigurationList section */
		3A5CFC012DA2D194008116B5 /* Build configuration list for PBXProject "Yelp App" */ = {
			isa = XCConfigurationList;
			buildConfigurations = (
				3A5CFC282DA2D195008116B5 /* Debug */,
				3A5CFC292DA2D195008116B5 /* Release */,
			);
			defaultConfigurationIsVisible = 0;
			defaultConfigurationName = Release;
		};
		3A5CFC2A2DA2D195008116B5 /* Build configuration list for PBXNativeTarget "Yelp App" */ = {
			isa = XCConfigurationList;
			buildConfigurations = (
				3A5CFC2B2DA2D195008116B5 /* Debug */,
				3A5CFC2C2DA2D195008116B5 /* Release */,
			);
			defaultConfigurationIsVisible = 0;
			defaultConfigurationName = Release;
		};
		3A5CFC2D2DA2D195008116B5 /* Build configuration list for PBXNativeTarget "Yelp AppTests" */ = {
			isa = XCConfigurationList;
			buildConfigurations = (
				3A5CFC2E2DA2D195008116B5 /* Debug */,
				3A5CFC2F2DA2D195008116B5 /* Release */,
			);
			defaultConfigurationIsVisible = 0;
			defaultConfigurationName = Release;
		};
		3A5CFC302DA2D195008116B5 /* Build configuration list for PBXNativeTarget "Yelp AppUITests" */ = {
			isa = XCConfigurationList;
			buildConfigurations = (
				3A5CFC312DA2D195008116B5 /* Debug */,
				3A5CFC322DA2D195008116B5 /* Release */,
			);
			defaultConfigurationIsVisible = 0;
			defaultConfigurationName = Release;
		};
/* End XCConfigurationList section */
	};
	rootObject = 3A5CFBFE2DA2D194008116B5 /* Project object */;
}
